
Microsoft Visual Studio Solution File, Format Version 12.00
# Visual Studio 15
Project("{FAE04EC0-301F-11D3-BF4B-00C04F79EFBC}") = "myMLApp", "myMLApp.csproj", "{022A9D20-2DCE-4049-B35E-3B775FE2913B}"
EndProject
Global
	GlobalSection(SolutionConfigurationPlatforms) = preSolution
		Debug|Any CPU = Debug|Any CPU
		Release|Any CPU = Release|Any CPU
	EndGlobalSection
	GlobalSection(ProjectConfigurationPlatforms) = postSolution
		{022A9D20-2DCE-4049-B35E-3B775FE2913B}.Debug|Any CPU.ActiveCfg = Debug|Any CPU
		{022A9D20-2DCE-4049-B35E-3B775FE2913B}.Debug|Any CPU.Build.0 = Debug|Any CPU
		{022A9D20-2DCE-4049-B35E-3B775FE2913B}.Release|Any CPU.ActiveCfg = Release|Any CPU
		{022A9D20-2DCE-4049-B35E-3B775FE2913B}.Release|Any CPU.Build.0 = Release|Any CPU
	EndGlobalSection
EndGlobal
